
Microsoft Visual Studio Solution File, Format Version 12.00
Project("{FAE04EC0-301F-11D3-BF4B-00C04F79EFBC}") = "p8mobility.restapi", "p8mobility.restapi\p8mobility.restapi.csproj", "{399CE9D5-F085-4328-99BD-17639BE1C1EA}"
EndProject
Project("{FAE04EC0-301F-11D3-BF4B-00C04F79EFBC}") = "p8mobility.persistence", "p8mobility.persistence\p8mobility.persistence.csproj", "{C70C88CE-2254-4343-B0D4-5F2EC7CD4CD0}"
EndProject
Project("{FAE04EC0-301F-11D3-BF4B-00C04F79EFBC}") = "p8mobility.dbup", "p8mobility.dbup\p8mobility.dbup.csproj", "{18C0B7EC-C3F3-4F24-BA37-8637E6484859}"
EndProject
Project("{FAE04EC0-301F-11D3-BF4B-00C04F79EFBC}") = "p8mobility.test", "p8mobility.test\p8mobility.test.csproj", "{B0B668CE-DEAA-43CC-9BD8-7588FCF16E50}"
EndProject
Project("{FAE04EC0-301F-11D3-BF4B-00C04F79EFBC}") = "p8mobility.shared", "p8mobility.shared\p8mobility.shared.csproj", "{A1D108B5-7599-473B-8390-B9F39F88DFC5}"
EndProject
Global
	GlobalSection(SolutionConfigurationPlatforms) = preSolution
		Debug|Any CPU = Debug|Any CPU
		Release|Any CPU = Release|Any CPU
	EndGlobalSection
	GlobalSection(ProjectConfigurationPlatforms) = postSolution
		{399CE9D5-F085-4328-99BD-17639BE1C1EA}.Debug|Any CPU.ActiveCfg = Debug|Any CPU
		{399CE9D5-F085-4328-99BD-17639BE1C1EA}.Debug|Any CPU.Build.0 = Debug|Any CPU
		{399CE9D5-F085-4328-99BD-17639BE1C1EA}.Release|Any CPU.ActiveCfg = Release|Any CPU
		{399CE9D5-F085-4328-99BD-17639BE1C1EA}.Release|Any CPU.Build.0 = Release|Any CPU
		{C70C88CE-2254-4343-B0D4-5F2EC7CD4CD0}.Debug|Any CPU.ActiveCfg = Debug|Any CPU
		{C70C88CE-2254-4343-B0D4-5F2EC7CD4CD0}.Debug|Any CPU.Build.0 = Debug|Any CPU
		{C70C88CE-2254-4343-B0D4-5F2EC7CD4CD0}.Release|Any CPU.ActiveCfg = Release|Any CPU
		{C70C88CE-2254-4343-B0D4-5F2EC7CD4CD0}.Release|Any CPU.Build.0 = Release|Any CPU
		{18C0B7EC-C3F3-4F24-BA37-8637E6484859}.Debug|Any CPU.ActiveCfg = Debug|Any CPU
		{18C0B7EC-C3F3-4F24-BA37-8637E6484859}.Debug|Any CPU.Build.0 = Debug|Any CPU
		{18C0B7EC-C3F3-4F24-BA37-8637E6484859}.Release|Any CPU.ActiveCfg = Release|Any CPU
		{18C0B7EC-C3F3-4F24-BA37-8637E6484859}.Release|Any CPU.Build.0 = Release|Any CPU
		{B0B668CE-DEAA-43CC-9BD8-7588FCF16E50}.Debug|Any CPU.ActiveCfg = Debug|Any CPU
		{B0B668CE-DEAA-43CC-9BD8-7588FCF16E50}.Debug|Any CPU.Build.0 = Debug|Any CPU
		{B0B668CE-DEAA-43CC-9BD8-7588FCF16E50}.Release|Any CPU.ActiveCfg = Release|Any CPU
		{B0B668CE-DEAA-43CC-9BD8-7588FCF16E50}.Release|Any CPU.Build.0 = Release|Any CPU
		{A1D108B5-7599-473B-8390-B9F39F88DFC5}.Debug|Any CPU.ActiveCfg = Debug|Any CPU
		{A1D108B5-7599-473B-8390-B9F39F88DFC5}.Debug|Any CPU.Build.0 = Debug|Any CPU
	EndGlobalSection
EndGlobal
